
Microsoft Visual Studio Solution File, Format Version 12.00
# Visual Studio Version 17
VisualStudioVersion = 17.4.33213.308
MinimumVisualStudioVersion = 10.0.40219.1
Project("{FAE04EC0-301F-11D3-BF4B-00C04F79EFBC}") = "TenkiConv", "TenkiConv\TenkiConv.csproj", "{38E3C5DE-4BEE-48D8-BA4E-94E0935370A1}"
EndProject
Global
	GlobalSection(SolutionConfigurationPlatforms) = preSolution
		Debug|Any CPU = Debug|Any CPU
		Release|Any CPU = Release|Any CPU
	EndGlobalSection
	GlobalSection(ProjectConfigurationPlatforms) = postSolution
		{38E3C5DE-4BEE-48D8-BA4E-94E0935370A1}.Debug|Any CPU.ActiveCfg = Debug|Any CPU
		{38E3C5DE-4BEE-48D8-BA4E-94E0935370A1}.Debug|Any CPU.Build.0 = Debug|Any CPU
		{38E3C5DE-4BEE-48D8-BA4E-94E0935370A1}.Release|Any CPU.ActiveCfg = Release|Any CPU
		{38E3C5DE-4BEE-48D8-BA4E-94E0935370A1}.Release|Any CPU.Build.0 = Release|Any CPU
	EndGlobalSection
	GlobalSection(SolutionProperties) = preSolution
		HideSolutionNode = FALSE
	EndGlobalSection
	GlobalSection(ExtensibilityGlobals) = postSolution
		SolutionGuid = {A28189E6-EFAC-457B-8838-ED9DF66A5F58}
	EndGlobalSection
EndGlobal
